# THIS IS AN AUTOGENERATED FILE. DO NOT EDIT THIS FILE DIRECTLY.
# yarn lockfile v1


"@actions/core@1.2.6", "@actions/core@^1.2.6":
  version "1.2.6"
  resolved "https://registry.yarnpkg.com/@actions/core/-/core-1.2.6.tgz#a78d49f41a4def18e88ce47c2cac615d5694bf09"
  integrity sha512-ZQYitnqiyBc3D+k7LsgSBmMDVkOVidaagDG7j3fOym77jNunWRuYx7VSHa9GNfFZh+zh61xsCjRj4JxMZlDqTA==

"@actions/glob@0.1.1":
  version "0.1.1"
  resolved "https://registry.yarnpkg.com/@actions/glob/-/glob-0.1.1.tgz#0af851312dfed21fdf9eac3473cfde93ffa56e40"
  integrity sha512-ikM4GVZOgSGDNTjv0ECJ8AOqmDqQwtO4K1M4P465C9iikRq34+FwCjUVSwzgOYDP85qtddyWpzBw5lTub/9Xmg==
  dependencies:
    "@actions/core" "^1.2.6"
    minimatch "^3.0.4"

asn1@^0.2.4:
  version "0.2.6"
  resolved "https://registry.yarnpkg.com/asn1/-/asn1-0.2.6.tgz#0d3a7bb6e64e02a90c0303b31f292868ea09a08d"
  integrity sha512-ix/FxPn0MDjeyJ7i/yoHGFt/EX6LyNbxSEhPPXODPL+KB0VPk86UYfL0lMdy+KCnv+fmvIzySwaK5COwqVbWTQ==
  dependencies:
    safer-buffer "~2.1.0"

balanced-match@^1.0.0:
  version "1.0.0"
  resolved "https://registry.yarnpkg.com/balanced-match/-/balanced-match-1.0.0.tgz#89b4d199ab2bee49de164ea02b89ce462d71b767"
  integrity sha1-ibTRmasr7kneFk6gK4nORi1xt2c=

bcrypt-pbkdf@^1.0.2:
  version "1.0.2"
  resolved "https://registry.yarnpkg.com/bcrypt-pbkdf/-/bcrypt-pbkdf-1.0.2.tgz#a4301d389b6a43f9b67ff3ca11a3f6637e360e9e"
  integrity sha1-pDAdOJtqQ/m2f/PKEaP2Y342Dp4=
  dependencies:
    tweetnacl "^0.14.3"

brace-expansion@^1.1.7:
  version "1.1.11"
  resolved "https://registry.yarnpkg.com/brace-expansion/-/brace-expansion-1.1.11.tgz#3c7fcbf529d87226f3d2f52b966ff5271eb441dd"
  integrity sha512-iCuPHDFgrHX7H2vEI/5xpz07zSHB00TpugqhmYtVmMO6518mCuRMoOYFldEBl0g187ufozdaHgWKcYFb61qGiA==
  dependencies:
    balanced-match "^1.0.0"
    concat-map "0.0.1"

buffer-from@^1.0.0:
  version "1.1.1"
  resolved "https://registry.yarnpkg.com/buffer-from/-/buffer-from-1.1.1.tgz#32713bc028f75c02fdb710d7c7bcec1f2c6070ef"
  integrity sha512-MQcXEUbCKtEo7bhqEs6560Hyd4XaovZlO/k9V3hjVUF/zwW7KBVdSK4gIt/bzwS9MbR5qob+F5jusZsb0YQK2A==

buildcheck@0.0.3:
  version "0.0.3"
  resolved "https://registry.yarnpkg.com/buildcheck/-/buildcheck-0.0.3.tgz#70451897a95d80f7807e68fc412eb2e7e35ff4d5"
  integrity sha512-pziaA+p/wdVImfcbsZLNF32EiWyujlQLwolMqUQE8xpKNOH7KmZQaY8sXN7DGOEzPAElo9QTaeNRfGnf3iOJbA==

color-name@1.1.4:
  version "1.1.4"
  resolved "https://registry.yarnpkg.com/color-name/-/color-name-1.1.4.tgz#c2a09a87acbde69543de6f63fa3995c826c536a2"
  integrity sha512-dOy+3AuW3a2wNbZHIuMZpTcgjGuLU/uBL/ubcZF9OXbDo8ff4O8yVp5Bf0efS8uEoYo5q4Fx7dY9OgQGXgAsQA==

concat-map@0.0.1:
  version "0.0.1"
  resolved "https://registry.yarnpkg.com/concat-map/-/concat-map-0.0.1.tgz#d8a96bd77fd68df7793a73036a3ba0d5405d477b"
  integrity sha1-2Klr13/Wjfd5OnMDajug1UBdR3s=

concat-stream@^2.0.0:
  version "2.0.0"
  resolved "https://registry.yarnpkg.com/concat-stream/-/concat-stream-2.0.0.tgz#414cf5af790a48c60ab9be4527d56d5e41133cb1"
  integrity sha512-MWufYdFw53ccGjCA+Ol7XJYpAlW6/prSMzuPOTRnJGcGzuhLn4Scrz7qf6o8bROZ514ltazcIFJZevcfbo0x7A==
  dependencies:
    buffer-from "^1.0.0"
    inherits "^2.0.3"
    readable-stream "^3.0.2"
    typedarray "^0.0.6"

cpu-features@~0.0.4:
  version "0.0.4"
  resolved "https://registry.yarnpkg.com/cpu-features/-/cpu-features-0.0.4.tgz#0023475bb4f4c525869c162e4108099e35bf19d8"
  integrity sha512-fKiZ/zp1mUwQbnzb9IghXtHtDoTMtNeb8oYGx6kX2SYfhnG0HNdBEBIzB9b5KlXu5DQPhfy3mInbBxFcgwAr3A==
  dependencies:
    buildcheck "0.0.3"
    nan "^2.15.0"

err-code@^2.0.2:
  version "2.0.3"
  resolved "https://registry.yarnpkg.com/err-code/-/err-code-2.0.3.tgz#23c2f3b756ffdfc608d30e27c9a941024807e7f9"
  integrity sha512-2bmlRpNKBxT/CRmPOlyISQpNj+qSeYvcym/uT0Jx2bMOlKLtSy1ZmLuVxSEKKyor/N5yhvp/ZiG1oE3DEYMSFA==

inherits@^2.0.3:
  version "2.0.4"
  resolved "https://registry.yarnpkg.com/inherits/-/inherits-2.0.4.tgz#0fa2c64f932917c3433a0ded55363aae37416b7c"
  integrity sha512-k/vGaX4/Yla3WzyMCvTQOXYeIHvqOKtnqBduzTHpzpQZzAskKMhZ2K+EnBiSM9zGSoIFeMpXKxa4dYeZIQqewQ==

minimatch@^3.0.4:
  version "3.0.4"
  resolved "https://registry.yarnpkg.com/minimatch/-/minimatch-3.0.4.tgz#5166e286457f03306064be5497e8dbb0c3d32083"
  integrity sha512-yJHVQEhyqPLUTgt9B83PXu6W3rx4MvvHvSUvToogpwoGDOUQ+yDrR0HRot+yOCdCO7u4hX3pWft6kWBBcqh0UA==
  dependencies:
    brace-expansion "^1.1.7"

nan@^2.15.0, nan@^2.16.0:
  version "2.17.0"
  resolved "https://registry.yarnpkg.com/nan/-/nan-2.17.0.tgz#c0150a2368a182f033e9aa5195ec76ea41a199cb"
  integrity sha512-2ZTgtl0nJsO0KQCjEpxcIr5D+Yv90plTitZt9JBfQvVJDS5seMl3FOvsh3+9CoYWXf/1l5OaZzzF6nDm4cagaQ==

prettier@2.2.1:
  version "2.2.1"
  resolved "https://registry.yarnpkg.com/prettier/-/prettier-2.2.1.tgz#795a1a78dd52f073da0cd42b21f9c91381923ff5"
  integrity sha512-PqyhM2yCjg/oKkFPtTGUojv7gnZAoG80ttl45O6x2Ug/rMJw4wcc9k6aaf2hibP7BGVCCM33gZoGjyvt9mm16Q==

promise-retry@^2.0.1:
  version "2.0.1"
  resolved "https://registry.yarnpkg.com/promise-retry/-/promise-retry-2.0.1.tgz#ff747a13620ab57ba688f5fc67855410c370da22"
  integrity sha512-y+WKFlBR8BGXnsNlIHFGPZmyDf3DFMoLhaflAnyZgV6rG6xu+JwesTo2Q9R6XwYmtmwAFCkAk3e35jEdoeh/3g==
  dependencies:
    err-code "^2.0.2"
    retry "^0.12.0"

readable-stream@3.6.0, readable-stream@^3.0.2:
  version "3.6.0"
  resolved "https://registry.yarnpkg.com/readable-stream/-/readable-stream-3.6.0.tgz#337bbda3adc0706bd3e024426a286d4b4b2c9198"
  integrity sha512-BViHy7LKeTz4oNnkcLJ+lVSL6vpiFeX6/d3oSH8zCW7UxP2onchk+vTGB143xuFjHS3deTgkKoXXymXqymiIdA==
  dependencies:
    inherits "^2.0.3"
    string_decoder "^1.1.1"
    util-deprecate "^1.0.1"

retry@^0.12.0:
  version "0.12.0"
  resolved "https://registry.yarnpkg.com/retry/-/retry-0.12.0.tgz#1b42a6266a21f07421d1b0b54b7dc167b01c013b"
  integrity sha1-G0KmJmoh8HQh0bC1S33BZ7AcATs=

safe-buffer@5.2.1, safe-buffer@~5.2.0:
  version "5.2.1"
  resolved "https://registry.yarnpkg.com/safe-buffer/-/safe-buffer-5.2.1.tgz#1eaf9fa9bdb1fdd4ec75f58f9cdb4e6b7827eec6"
  integrity sha512-rp3So07KcdmmKbGvgaNxQSJr7bGVSVk5S9Eq1F+ppbRo70+YeaDxkw5Dd8NPN+GD6bjnYm2VuPuCXmpuYvmCXQ==

safer-buffer@~2.1.0:
  version "2.1.2"
  resolved "https://registry.yarnpkg.com/safer-buffer/-/safer-buffer-2.1.2.tgz#44fa161b0187b9549dd84bb91802f9bd8385cd6a"
  integrity sha512-YZo3K82SD7Riyi0E1EQPojLz7kpepnSQI9IyPbHHg1XXXevb5dJI7tpyN2ADxGcQbHG7vcyRHk0cbwqcQriUtg==

ssh2-sftp-client@^7.2.1:
  version "7.2.3"
  resolved "https://registry.yarnpkg.com/ssh2-sftp-client/-/ssh2-sftp-client-7.2.3.tgz#b6533cb1202bb547dc3cfb53afb61ae60bde976a"
  integrity sha512-Bmq4Uewu3e0XOwu5bnPbiS5KRQYv+dff5H6+85V4GZrPrt0Fkt1nUH+uXanyAkoNxUpzjnAPEEoLdOaBO9c3xw==
  dependencies:
    concat-stream "^2.0.0"
    promise-retry "^2.0.1"
    ssh2 "^1.8.0"

ssh2@^1.8.0:
  version "1.11.0"
  resolved "https://registry.yarnpkg.com/ssh2/-/ssh2-1.11.0.tgz#ce60186216971e12f6deb553dcf82322498fe2e4"
  integrity sha512-nfg0wZWGSsfUe/IBJkXVll3PEZ//YH2guww+mP88gTpuSU4FtZN7zu9JoeTGOyCNx2dTDtT9fOpWwlzyj4uOOw==
  dependencies:
    asn1 "^0.2.4"
    bcrypt-pbkdf "^1.0.2"
  optionalDependencies:
    cpu-features "~0.0.4"
    nan "^2.16.0"

string_decoder@1.3.0, string_decoder@^1.1.1:
  version "1.3.0"
  resolved "https://registry.yarnpkg.com/string_decoder/-/string_decoder-1.3.0.tgz#42f114594a46cf1a8e30b0a84f56c78c3edac21e"
  integrity sha512-hkRX8U1WjJFd8LsDJ2yQ/wWWxaopEsABU1XfkM8A+j0+85JAGppt16cr1Whg6KIbb4okU6Mql6BOj+uup/wKeA==
  dependencies:
    safe-buffer "~5.2.0"

tweetnacl@^0.14.3:
  version "0.14.5"
  resolved "https://registry.yarnpkg.com/tweetnacl/-/tweetnacl-0.14.5.tgz#5ae68177f192d4456269d108afa93ff8743f4f64"
  integrity sha1-WuaBd/GS1EViadEIr6k/+HQ/T2Q=

typedarray@^0.0.6:
  version "0.0.6"
  resolved "https://registry.yarnpkg.com/typedarray/-/typedarray-0.0.6.tgz#867ac74e3864187b1d3d47d996a78ec5c8830777"
  integrity sha1-hnrHTjhkGHsdPUfZlqeOxciDB3c=

util-deprecate@^1.0.1:
  version "1.0.2"
  resolved "https://registry.yarnpkg.com/util-deprecate/-/util-deprecate-1.0.2.tgz#450d4dc9fa70de732762fbd2d4a28981419a0ccf"
  integrity sha1-RQ1Nyfpw3nMnYvvS1KKJgUGaDM8=
